
Microsoft Visual Studio Solution File, Format Version 12.00
# Visual Studio Version 17
VisualStudioVersion = 17.10.34916.146
MinimumVisualStudioVersion = 10.0.40219.1
Project("{8BC9CEB8-8B4A-11D0-8D11-00A0C91BC942}") = "快餐店管理", "快餐店管理\快餐店管理.vcxproj", "{5CB7DD73-28EF-45CE-BF25-78B27AC120F8}"
EndProject
Project("{8BC9CEB8-8B4A-11D0-8D11-00A0C91BC942}") = "menu", "menu\menu.vcxproj", "{96A94CAD-89CB-4871-98D9-9A199458A309}"
EndProject
Project("{8BC9CEB8-8B4A-11D0-8D11-00A0C91BC942}") = "草稿", "草稿\草稿.vcxproj", "{F2FDA2A7-5B4D-49EC-A240-329698F1F12E}"
EndProject
Project("{8BC9CEB8-8B4A-11D0-8D11-00A0C91BC942}") = "借鉴", "借鉴\借鉴.vcxproj", "{52252B01-4C70-4997-8D3A-AF13BD20F90B}"
EndProject
Global
	GlobalSection(SolutionConfigurationPlatforms) = preSolution
		Debug|x64 = Debug|x64
		Debug|x86 = Debug|x86
		Release|x64 = Release|x64
		Release|x86 = Release|x86
	EndGlobalSection
	GlobalSection(ProjectConfigurationPlatforms) = postSolution
		{5CB7DD73-28EF-45CE-BF25-78B27AC120F8}.Debug|x64.ActiveCfg = Debug|x64
		{5CB7DD73-28EF-45CE-BF25-78B27AC120F8}.Debug|x64.Build.0 = Debug|x64
		{5CB7DD73-28EF-45CE-BF25-78B27AC120F8}.Debug|x86.ActiveCfg = Debug|Win32
		{5CB7DD73-28EF-45CE-BF25-78B27AC120F8}.Debug|x86.Build.0 = Debug|Win32
		{5CB7DD73-28EF-45CE-BF25-78B27AC120F8}.Release|x64.ActiveCfg = Release|x64
		{5CB7DD73-28EF-45CE-BF25-78B27AC120F8}.Release|x64.Build.0 = Release|x64
		{5CB7DD73-28EF-45CE-BF25-78B27AC120F8}.Release|x86.ActiveCfg = Release|Win32
		{5CB7DD73-28EF-45CE-BF25-78B27AC120F8}.Release|x86.Build.0 = Release|Win32
		{96A94CAD-89CB-4871-98D9-9A199458A309}.Debug|x64.ActiveCfg = Debug|x64
		{96A94CAD-89CB-4871-98D9-9A199458A309}.Debug|x64.Build.0 = Debug|x64
		{96A94CAD-89CB-4871-98D9-9A199458A309}.Debug|x86.ActiveCfg = Debug|Win32
		{96A94CAD-89CB-4871-98D9-9A199458A309}.Debug|x86.Build.0 = Debug|Win32
		{96A94CAD-89CB-4871-98D9-9A199458A309}.Release|x64.ActiveCfg = Release|x64
		{96A94CAD-89CB-4871-98D9-9A199458A309}.Release|x64.Build.0 = Release|x64
		{96A94CAD-89CB-4871-98D9-9A199458A309}.Release|x86.ActiveCfg = Release|Win32
		{96A94CAD-89CB-4871-98D9-9A199458A309}.Release|x86.Build.0 = Release|Win32
		{F2FDA2A7-5B4D-49EC-A240-329698F1F12E}.Debug|x64.ActiveCfg = Debug|x64
		{F2FDA2A7-5B4D-49EC-A240-329698F1F12E}.Debug|x64.Build.0 = Debug|x64
		{F2FDA2A7-5B4D-49EC-A240-329698F1F12E}.Debug|x86.ActiveCfg = Debug|Win32
		{F2FDA2A7-5B4D-49EC-A240-329698F1F12E}.Debug|x86.Build.0 = Debug|Win32
		{F2FDA2A7-5B4D-49EC-A240-329698F1F12E}.Release|x64.ActiveCfg = Release|x64
		{F2FDA2A7-5B4D-49EC-A240-329698F1F12E}.Release|x64.Build.0 = Release|x64
		{F2FDA2A7-5B4D-49EC-A240-329698F1F12E}.Release|x86.ActiveCfg = Release|Win32
		{F2FDA2A7-5B4D-49EC-A240-329698F1F12E}.Release|x86.Build.0 = Release|Win32
		{52252B01-4C70-4997-8D3A-AF13BD20F90B}.Debug|x64.ActiveCfg = Debug|x64
		{52252B01-4C70-4997-8D3A-AF13BD20F90B}.Debug|x64.Build.0 = Debug|x64
		{52252B01-4C70-4997-8D3A-AF13BD20F90B}.Debug|x86.ActiveCfg = Debug|Win32
		{52252B01-4C70-4997-8D3A-AF13BD20F90B}.Debug|x86.Build.0 = Debug|Win32
		{52252B01-4C70-4997-8D3A-AF13BD20F90B}.Release|x64.ActiveCfg = Release|x64
		{52252B01-4C70-4997-8D3A-AF13BD20F90B}.Release|x64.Build.0 = Release|x64
		{52252B01-4C70-4997-8D3A-AF13BD20F90B}.Release|x86.ActiveCfg = Release|Win32
		{52252B01-4C70-4997-8D3A-AF13BD20F90B}.Release|x86.Build.0 = Release|Win32
	EndGlobalSection
	GlobalSection(SolutionProperties) = preSolution
		HideSolutionNode = FALSE
	EndGlobalSection
	GlobalSection(ExtensibilityGlobals) = postSolution
		SolutionGuid = {10E6FDCD-068A-498F-8229-37792ACE1DC4}
	EndGlobalSection
EndGlobal
